// !$*UTF8*$!
{
	archiveVersion = 1;
	classes = {
	};
	objectVersion = 56;
	objects = {

/* Begin PBXBuildFile section */
		B8F09E392BBCCCEC00E9D186 /* ScreenshotsManager.swift in Sources */ = {isa = PBXBuildFile; fileRef = B8F09E382BBCCCEC00E9D186 /* ScreenshotsManager.swift */; };
		B8F09E3B2BBCE64D00E9D186 /* ReporterContainerView.swift in Sources */ = {isa = PBXBuildFile; fileRef = B8F09E3A2BBCE64D00E9D186 /* ReporterContainerView.swift */; };
		B8F09E3D2BBCE70600E9D186 /* ReporterContainerCoordinator.swift in Sources */ = {isa = PBXBuildFile; fileRef = B8F09E3C2BBCE70600E9D186 /* ReporterContainerCoordinator.swift */; };
		B8F09E3F2BBCE71700E9D186 /* ReporterContainerCoordinatorView.swift in Sources */ = {isa = PBXBuildFile; fileRef = B8F09E3E2BBCE71700E9D186 /* ReporterContainerCoordinatorView.swift */; };
		B8F09E422BBD5BF100E9D186 /* ReporterContainerViewModel.swift in Sources */ = {isa = PBXBuildFile; fileRef = B8F09E412BBD5BF100E9D186 /* ReporterContainerViewModel.swift */; };
		B8F09E4D2BBD775300E9D186 /* ImagePreviewCoordinator.swift in Sources */ = {isa = PBXBuildFile; fileRef = B8F09E4C2BBD775300E9D186 /* ImagePreviewCoordinator.swift */; };
		B8F09E512BBD78A500E9D186 /* ImagePreviewView.swift in Sources */ = {isa = PBXBuildFile; fileRef = B8F09E502BBD78A500E9D186 /* ImagePreviewView.swift */; };
		B8F0A6B92BBC09A0008B6D4E /* BugsReporterApp.swift in Sources */ = {isa = PBXBuildFile; fileRef = B8F0A6B82BBC09A0008B6D4E /* BugsReporterApp.swift */; };
		B8F0A6BB2BBC09A0008B6D4E /* MainView.swift in Sources */ = {isa = PBXBuildFile; fileRef = B8F0A6BA2BBC09A0008B6D4E /* MainView.swift */; };
		B8F0A6BD2BBC09A3008B6D4E /* Assets.xcassets in Resources */ = {isa = PBXBuildFile; fileRef = B8F0A6BC2BBC09A3008B6D4E /* Assets.xcassets */; };
		B8F0A6C02BBC09A3008B6D4E /* Preview Assets.xcassets in Resources */ = {isa = PBXBuildFile; fileRef = B8F0A6BF2BBC09A3008B6D4E /* Preview Assets.xcassets */; };
		B8F0A6CA2BBC09A3008B6D4E /* BugsReporterTests.swift in Sources */ = {isa = PBXBuildFile; fileRef = B8F0A6C92BBC09A3008B6D4E /* BugsReporterTests.swift */; };
		B8F0A6D42BBC09A3008B6D4E /* BugsReporterUITests.swift in Sources */ = {isa = PBXBuildFile; fileRef = B8F0A6D32BBC09A3008B6D4E /* BugsReporterUITests.swift */; };
		B8F0A6D62BBC09A3008B6D4E /* BugsReporterUITestsLaunchTests.swift in Sources */ = {isa = PBXBuildFile; fileRef = B8F0A6D52BBC09A3008B6D4E /* BugsReporterUITestsLaunchTests.swift */; };
		B8F0A6E32BBC0F6B008B6D4E /* MainCoordinator.swift in Sources */ = {isa = PBXBuildFile; fileRef = B8F0A6E22BBC0F6B008B6D4E /* MainCoordinator.swift */; };
		B8F0A6E52BBC0F8E008B6D4E /* MainCoordinatorView.swift in Sources */ = {isa = PBXBuildFile; fileRef = B8F0A6E42BBC0F8E008B6D4E /* MainCoordinatorView.swift */; };
		B8F0A6E72BBC111D008B6D4E /* BugSubmissionCoordinator.swift in Sources */ = {isa = PBXBuildFile; fileRef = B8F0A6E62BBC111D008B6D4E /* BugSubmissionCoordinator.swift */; };
		B8F0A6E92BBC1132008B6D4E /* BugSubmissionCoordinatorView.swift in Sources */ = {isa = PBXBuildFile; fileRef = B8F0A6E82BBC1132008B6D4E /* BugSubmissionCoordinatorView.swift */; };
		B8F0A6EB2BBC1142008B6D4E /* BugSubmissionView.swift in Sources */ = {isa = PBXBuildFile; fileRef = B8F0A6EA2BBC1142008B6D4E /* BugSubmissionView.swift */; };
		B8F0A6EF2BBC11F7008B6D4E /* BugSubmissionViewModel.swift in Sources */ = {isa = PBXBuildFile; fileRef = B8F0A6EE2BBC11F7008B6D4E /* BugSubmissionViewModel.swift */; };
		B8F0A6F12BBC1225008B6D4E /* MainViewModel.swift in Sources */ = {isa = PBXBuildFile; fileRef = B8F0A6F02BBC1225008B6D4E /* MainViewModel.swift */; };
		B8F0A6F32BBC143E008B6D4E /* View+Extention.swift in Sources */ = {isa = PBXBuildFile; fileRef = B8F0A6F22BBC143E008B6D4E /* View+Extention.swift */; };
/* End PBXBuildFile section */

/* Begin PBXContainerItemProxy section */
		B8F0A6C62BBC09A3008B6D4E /* PBXContainerItemProxy */ = {
			isa = PBXContainerItemProxy;
			containerPortal = B8F0A6AD2BBC09A0008B6D4E /* Project object */;
			proxyType = 1;
			remoteGlobalIDString = B8F0A6B42BBC09A0008B6D4E;
			remoteInfo = BugsReporter;
		};
		B8F0A6D02BBC09A3008B6D4E /* PBXContainerItemProxy */ = {
			isa = PBXContainerItemProxy;
			containerPortal = B8F0A6AD2BBC09A0008B6D4E /* Project object */;
			proxyType = 1;
			remoteGlobalIDString = B8F0A6B42BBC09A0008B6D4E;
			remoteInfo = BugsReporter;
		};
/* End PBXContainerItemProxy section */

/* Begin PBXFileReference section */
		B8F09E382BBCCCEC00E9D186 /* ScreenshotsManager.swift */ = {isa = PBXFileReference; lastKnownFileType = sourcecode.swift; path = ScreenshotsManager.swift; sourceTree = "<group>"; };
		B8F09E3A2BBCE64D00E9D186 /* ReporterContainerView.swift */ = {isa = PBXFileReference; lastKnownFileType = sourcecode.swift; path = ReporterContainerView.swift; sourceTree = "<group>"; };
		B8F09E3C2BBCE70600E9D186 /* ReporterContainerCoordinator.swift */ = {isa = PBXFileReference; lastKnownFileType = sourcecode.swift; path = ReporterContainerCoordinator.swift; sourceTree = "<group>"; };
		B8F09E3E2BBCE71700E9D186 /* ReporterContainerCoordinatorView.swift */ = {isa = PBXFileReference; lastKnownFileType = sourcecode.swift; path = ReporterContainerCoordinatorView.swift; sourceTree = "<group>"; };
		B8F09E412BBD5BF100E9D186 /* ReporterContainerViewModel.swift */ = {isa = PBXFileReference; lastKnownFileType = sourcecode.swift; path = ReporterContainerViewModel.swift; sourceTree = "<group>"; };
		B8F09E4C2BBD775300E9D186 /* ImagePreviewCoordinator.swift */ = {isa = PBXFileReference; lastKnownFileType = sourcecode.swift; path = ImagePreviewCoordinator.swift; sourceTree = "<group>"; };
		B8F09E502BBD78A500E9D186 /* ImagePreviewView.swift */ = {isa = PBXFileReference; lastKnownFileType = sourcecode.swift; path = ImagePreviewView.swift; sourceTree = "<group>"; };
		B8F0A6B52BBC09A0008B6D4E /* BugsReporter.app */ = {isa = PBXFileReference; explicitFileType = wrapper.application; includeInIndex = 0; path = BugsReporter.app; sourceTree = BUILT_PRODUCTS_DIR; };
		B8F0A6B82BBC09A0008B6D4E /* BugsReporterApp.swift */ = {isa = PBXFileReference; lastKnownFileType = sourcecode.swift; path = BugsReporterApp.swift; sourceTree = "<group>"; };
		B8F0A6BA2BBC09A0008B6D4E /* MainView.swift */ = {isa = PBXFileReference; lastKnownFileType = sourcecode.swift; path = MainView.swift; sourceTree = "<group>"; };
		B8F0A6BC2BBC09A3008B6D4E /* Assets.xcassets */ = {isa = PBXFileReference; lastKnownFileType = folder.assetcatalog; path = Assets.xcassets; sourceTree = "<group>"; };
		B8F0A6BF2BBC09A3008B6D4E /* Preview Assets.xcassets */ = {isa = PBXFileReference; lastKnownFileType = folder.assetcatalog; path = "Preview Assets.xcassets"; sourceTree = "<group>"; };
		B8F0A6C52BBC09A3008B6D4E /* BugsReporterTests.xctest */ = {isa = PBXFileReference; explicitFileType = wrapper.cfbundle; includeInIndex = 0; path = BugsReporterTests.xctest; sourceTree = BUILT_PRODUCTS_DIR; };
		B8F0A6C92BBC09A3008B6D4E /* BugsReporterTests.swift */ = {isa = PBXFileReference; lastKnownFileType = sourcecode.swift; path = BugsReporterTests.swift; sourceTree = "<group>"; };
		B8F0A6CF2BBC09A3008B6D4E /* BugsReporterUITests.xctest */ = {isa = PBXFileReference; explicitFileType = wrapper.cfbundle; includeInIndex = 0; path = BugsReporterUITests.xctest; sourceTree = BUILT_PRODUCTS_DIR; };
		B8F0A6D32BBC09A3008B6D4E /* BugsReporterUITests.swift */ = {isa = PBXFileReference; lastKnownFileType = sourcecode.swift; path = BugsReporterUITests.swift; sourceTree = "<group>"; };
		B8F0A6D52BBC09A3008B6D4E /* BugsReporterUITestsLaunchTests.swift */ = {isa = PBXFileReference; lastKnownFileType = sourcecode.swift; path = BugsReporterUITestsLaunchTests.swift; sourceTree = "<group>"; };
		B8F0A6E22BBC0F6B008B6D4E /* MainCoordinator.swift */ = {isa = PBXFileReference; lastKnownFileType = sourcecode.swift; path = MainCoordinator.swift; sourceTree = "<group>"; };
		B8F0A6E42BBC0F8E008B6D4E /* MainCoordinatorView.swift */ = {isa = PBXFileReference; lastKnownFileType = sourcecode.swift; path = MainCoordinatorView.swift; sourceTree = "<group>"; };
		B8F0A6E62BBC111D008B6D4E /* BugSubmissionCoordinator.swift */ = {isa = PBXFileReference; lastKnownFileType = sourcecode.swift; path = BugSubmissionCoordinator.swift; sourceTree = "<group>"; };
		B8F0A6E82BBC1132008B6D4E /* BugSubmissionCoordinatorView.swift */ = {isa = PBXFileReference; lastKnownFileType = sourcecode.swift; path = BugSubmissionCoordinatorView.swift; sourceTree = "<group>"; };
		B8F0A6EA2BBC1142008B6D4E /* BugSubmissionView.swift */ = {isa = PBXFileReference; lastKnownFileType = sourcecode.swift; path = BugSubmissionView.swift; sourceTree = "<group>"; };
		B8F0A6EE2BBC11F7008B6D4E /* BugSubmissionViewModel.swift */ = {isa = PBXFileReference; lastKnownFileType = sourcecode.swift; path = BugSubmissionViewModel.swift; sourceTree = "<group>"; };
		B8F0A6F02BBC1225008B6D4E /* MainViewModel.swift */ = {isa = PBXFileReference; lastKnownFileType = sourcecode.swift; path = MainViewModel.swift; sourceTree = "<group>"; };
		B8F0A6F22BBC143E008B6D4E /* View+Extention.swift */ = {isa = PBXFileReference; lastKnownFileType = sourcecode.swift; path = "View+Extention.swift"; sourceTree = "<group>"; };
/* End PBXFileReference section */

/* Begin PBXFrameworksBuildPhase section */
		B8F0A6B22BBC09A0008B6D4E /* Frameworks */ = {
			isa = PBXFrameworksBuildPhase;
			buildActionMask = 2147483647;
			files = (
			);
			runOnlyForDeploymentPostprocessing = 0;
		};
		B8F0A6C22BBC09A3008B6D4E /* Frameworks */ = {
			isa = PBXFrameworksBuildPhase;
			buildActionMask = 2147483647;
			files = (
			);
			runOnlyForDeploymentPostprocessing = 0;
		};
		B8F0A6CC2BBC09A3008B6D4E /* Frameworks */ = {
			isa = PBXFrameworksBuildPhase;
			buildActionMask = 2147483647;
			files = (
			);
			runOnlyForDeploymentPostprocessing = 0;
		};
/* End PBXFrameworksBuildPhase section */

/* Begin PBXGroup section */
		B8F09E402BBCE72500E9D186 /* ReporterContainer */ = {
			isa = PBXGroup;
			children = (
				B8F09E3A2BBCE64D00E9D186 /* ReporterContainerView.swift */,
				B8F09E3C2BBCE70600E9D186 /* ReporterContainerCoordinator.swift */,
				B8F09E412BBD5BF100E9D186 /* ReporterContainerViewModel.swift */,
				B8F09E3E2BBCE71700E9D186 /* ReporterContainerCoordinatorView.swift */,
			);
			path = ReporterContainer;
			sourceTree = "<group>";
		};
		B8F09E432BBD76C800E9D186 /* ImagePreview */ = {
			isa = PBXGroup;
			children = (
				B8F09E4C2BBD775300E9D186 /* ImagePreviewCoordinator.swift */,
				B8F09E502BBD78A500E9D186 /* ImagePreviewView.swift */,
			);
			path = ImagePreview;
			sourceTree = "<group>";
		};
		B8F0A6AC2BBC09A0008B6D4E = {
			isa = PBXGroup;
			children = (
				B8F0A6B72BBC09A0008B6D4E /* BugsReporter */,
				B8F0A6C82BBC09A3008B6D4E /* BugsReporterTests */,
				B8F0A6D22BBC09A3008B6D4E /* BugsReporterUITests */,
				B8F0A6B62BBC09A0008B6D4E /* Products */,
			);
			sourceTree = "<group>";
		};
		B8F0A6B62BBC09A0008B6D4E /* Products */ = {
			isa = PBXGroup;
			children = (
				B8F0A6B52BBC09A0008B6D4E /* BugsReporter.app */,
				B8F0A6C52BBC09A3008B6D4E /* BugsReporterTests.xctest */,
				B8F0A6CF2BBC09A3008B6D4E /* BugsReporterUITests.xctest */,
			);
			name = Products;
			sourceTree = "<group>";
		};
		B8F0A6B72BBC09A0008B6D4E /* BugsReporter */ = {
			isa = PBXGroup;
			children = (
				B8F0A6B82BBC09A0008B6D4E /* BugsReporterApp.swift */,
				B8F0A6F42BBC1448008B6D4E /* Extentions */,
				B8F0A6ED2BBC1183008B6D4E /* BugSubmission */,
				B8F09E402BBCE72500E9D186 /* ReporterContainer */,
				B8F0A6EC2BBC1171008B6D4E /* Main */,
				B8F0A6BC2BBC09A3008B6D4E /* Assets.xcassets */,
				B8F0A6BE2BBC09A3008B6D4E /* Preview Content */,
			);
			path = BugsReporter;
			sourceTree = "<group>";
		};
		B8F0A6BE2BBC09A3008B6D4E /* Preview Content */ = {
			isa = PBXGroup;
			children = (
				B8F0A6BF2BBC09A3008B6D4E /* Preview Assets.xcassets */,
			);
			path = "Preview Content";
			sourceTree = "<group>";
		};
		B8F0A6C82BBC09A3008B6D4E /* BugsReporterTests */ = {
			isa = PBXGroup;
			children = (
				B8F0A6C92BBC09A3008B6D4E /* BugsReporterTests.swift */,
			);
			path = BugsReporterTests;
			sourceTree = "<group>";
		};
		B8F0A6D22BBC09A3008B6D4E /* BugsReporterUITests */ = {
			isa = PBXGroup;
			children = (
				B8F0A6D32BBC09A3008B6D4E /* BugsReporterUITests.swift */,
				B8F0A6D52BBC09A3008B6D4E /* BugsReporterUITestsLaunchTests.swift */,
			);
			path = BugsReporterUITests;
			sourceTree = "<group>";
		};
		B8F0A6EC2BBC1171008B6D4E /* Main */ = {
			isa = PBXGroup;
			children = (
				B8F0A6E22BBC0F6B008B6D4E /* MainCoordinator.swift */,
				B8F0A6E42BBC0F8E008B6D4E /* MainCoordinatorView.swift */,
				B8F0A6BA2BBC09A0008B6D4E /* MainView.swift */,
				B8F09E382BBCCCEC00E9D186 /* ScreenshotsManager.swift */,
				B8F0A6F02BBC1225008B6D4E /* MainViewModel.swift */,
			);
			path = Main;
			sourceTree = "<group>";
		};
		B8F0A6ED2BBC1183008B6D4E /* BugSubmission */ = {
			isa = PBXGroup;
			children = (
				B8F0A6E82BBC1132008B6D4E /* BugSubmissionCoordinatorView.swift */,
				B8F0A6E62BBC111D008B6D4E /* BugSubmissionCoordinator.swift */,
				B8F0A6EA2BBC1142008B6D4E /* BugSubmissionView.swift */,
				B8F0A6EE2BBC11F7008B6D4E /* BugSubmissionViewModel.swift */,
			);
			path = BugSubmission;
			sourceTree = "<group>";
		};
		B8F0A6F42BBC1448008B6D4E /* Extentions */ = {
			isa = PBXGroup;
			children = (
				B8F09E432BBD76C800E9D186 /* ImagePreview */,
				B8F0A6F22BBC143E008B6D4E /* View+Extention.swift */,
			);
			path = Extentions;
			sourceTree = "<group>";
		};
/* End PBXGroup section */

/* Begin PBXNativeTarget section */
		B8F0A6B42BBC09A0008B6D4E /* BugsReporter */ = {
			isa = PBXNativeTarget;
			buildConfigurationList = B8F0A6D92BBC09A3008B6D4E /* Build configuration list for PBXNativeTarget "BugsReporter" */;
			buildPhases = (
				B8F0A6B12BBC09A0008B6D4E /* Sources */,
				B8F0A6B22BBC09A0008B6D4E /* Frameworks */,
				B8F0A6B32BBC09A0008B6D4E /* Resources */,
			);
			buildRules = (
			);
			dependencies = (
			);
			name = BugsReporter;
			productName = BugsReporter;
			productReference = B8F0A6B52BBC09A0008B6D4E /* BugsReporter.app */;
			productType = "com.apple.product-type.application";
		};
		B8F0A6C42BBC09A3008B6D4E /* BugsReporterTests */ = {
			isa = PBXNativeTarget;
			buildConfigurationList = B8F0A6DC2BBC09A3008B6D4E /* Build configuration list for PBXNativeTarget "BugsReporterTests" */;
			buildPhases = (
				B8F0A6C12BBC09A3008B6D4E /* Sources */,
				B8F0A6C22BBC09A3008B6D4E /* Frameworks */,
				B8F0A6C32BBC09A3008B6D4E /* Resources */,
			);
			buildRules = (
			);
			dependencies = (
				B8F0A6C72BBC09A3008B6D4E /* PBXTargetDependency */,
			);
			name = BugsReporterTests;
			productName = BugsReporterTests;
			productReference = B8F0A6C52BBC09A3008B6D4E /* BugsReporterTests.xctest */;
			productType = "com.apple.product-type.bundle.unit-test";
		};
		B8F0A6CE2BBC09A3008B6D4E /* BugsReporterUITests */ = {
			isa = PBXNativeTarget;
			buildConfigurationList = B8F0A6DF2BBC09A3008B6D4E /* Build configuration list for PBXNativeTarget "BugsReporterUITests" */;
			buildPhases = (
				B8F0A6CB2BBC09A3008B6D4E /* Sources */,
				B8F0A6CC2BBC09A3008B6D4E /* Frameworks */,
				B8F0A6CD2BBC09A3008B6D4E /* Resources */,
			);
			buildRules = (
			);
			dependencies = (
				B8F0A6D12BBC09A3008B6D4E /* PBXTargetDependency */,
			);
			name = BugsReporterUITests;
			productName = BugsReporterUITests;
			productReference = B8F0A6CF2BBC09A3008B6D4E /* BugsReporterUITests.xctest */;
			productType = "com.apple.product-type.bundle.ui-testing";
		};
/* End PBXNativeTarget section */

/* Begin PBXProject section */
		B8F0A6AD2BBC09A0008B6D4E /* Project object */ = {
			isa = PBXProject;
			attributes = {
				BuildIndependentTargetsInParallel = 1;
				LastSwiftUpdateCheck = 1530;
				LastUpgradeCheck = 1530;
				TargetAttributes = {
					B8F0A6B42BBC09A0008B6D4E = {
						CreatedOnToolsVersion = 15.3;
					};
					B8F0A6C42BBC09A3008B6D4E = {
						CreatedOnToolsVersion = 15.3;
						TestTargetID = B8F0A6B42BBC09A0008B6D4E;
					};
					B8F0A6CE2BBC09A3008B6D4E = {
						CreatedOnToolsVersion = 15.3;
						TestTargetID = B8F0A6B42BBC09A0008B6D4E;
					};
				};
			};
			buildConfigurationList = B8F0A6B02BBC09A0008B6D4E /* Build configuration list for PBXProject "BugsReporter" */;
			compatibilityVersion = "Xcode 14.0";
			developmentRegion = en;
			hasScannedForEncodings = 0;
			knownRegions = (
				en,
				Base,
			);
			mainGroup = B8F0A6AC2BBC09A0008B6D4E;
			productRefGroup = B8F0A6B62BBC09A0008B6D4E /* Products */;
			projectDirPath = "";
			projectRoot = "";
			targets = (
				B8F0A6B42BBC09A0008B6D4E /* BugsReporter */,
				B8F0A6C42BBC09A3008B6D4E /* BugsReporterTests */,
				B8F0A6CE2BBC09A3008B6D4E /* BugsReporterUITests */,
			);
		};
/* End PBXProject section */

/* Begin PBXResourcesBuildPhase section */
		B8F0A6B32BBC09A0008B6D4E /* Resources */ = {
			isa = PBXResourcesBuildPhase;
			buildActionMask = 2147483647;
			files = (
				B8F0A6C02BBC09A3008B6D4E /* Preview Assets.xcassets in Resources */,
				B8F0A6BD2BBC09A3008B6D4E /* Assets.xcassets in Resources */,
			);
			runOnlyForDeploymentPostprocessing = 0;
		};
		B8F0A6C32BBC09A3008B6D4E /* Resources */ = {
			isa = PBXResourcesBuildPhase;
			buildActionMask = 2147483647;
			files = (
			);
			runOnlyForDeploymentPostprocessing = 0;
		};
		B8F0A6CD2BBC09A3008B6D4E /* Resources */ = {
			isa = PBXResourcesBuildPhase;
			buildActionMask = 2147483647;
			files = (
			);
			runOnlyForDeploymentPostprocessing = 0;
		};
/* End PBXResourcesBuildPhase section */

/* Begin PBXSourcesBuildPhase section */
		B8F0A6B12BBC09A0008B6D4E /* Sources */ = {
			isa = PBXSourcesBuildPhase;
			buildActionMask = 2147483647;
			files = (
				B8F0A6E52BBC0F8E008B6D4E /* MainCoordinatorView.swift in Sources */,
				B8F09E4D2BBD775300E9D186 /* ImagePreviewCoordinator.swift in Sources */,
				B8F0A6EB2BBC1142008B6D4E /* BugSubmissionView.swift in Sources */,
				B8F09E422BBD5BF100E9D186 /* ReporterContainerViewModel.swift in Sources */,
				B8F0A6BB2BBC09A0008B6D4E /* MainView.swift in Sources */,
				B8F0A6E92BBC1132008B6D4E /* BugSubmissionCoordinatorView.swift in Sources */,
				B8F09E512BBD78A500E9D186 /* ImagePreviewView.swift in Sources */,
				B8F0A6E72BBC111D008B6D4E /* BugSubmissionCoordinator.swift in Sources */,
				B8F0A6F32BBC143E008B6D4E /* View+Extention.swift in Sources */,
				B8F0A6EF2BBC11F7008B6D4E /* BugSubmissionViewModel.swift in Sources */,
				B8F09E3D2BBCE70600E9D186 /* ReporterContainerCoordinator.swift in Sources */,
				B8F09E3F2BBCE71700E9D186 /* ReporterContainerCoordinatorView.swift in Sources */,
				B8F09E3B2BBCE64D00E9D186 /* ReporterContainerView.swift in Sources */,
				B8F0A6B92BBC09A0008B6D4E /* BugsReporterApp.swift in Sources */,
				B8F0A6E32BBC0F6B008B6D4E /* MainCoordinator.swift in Sources */,
				B8F09E392BBCCCEC00E9D186 /* ScreenshotsManager.swift in Sources */,
				B8F0A6F12BBC1225008B6D4E /* MainViewModel.swift in Sources */,
			);
			runOnlyForDeploymentPostprocessing = 0;
		};
		B8F0A6C12BBC09A3008B6D4E /* Sources */ = {
			isa = PBXSourcesBuildPhase;
			buildActionMask = 2147483647;
			files = (
				B8F0A6CA2BBC09A3008B6D4E /* BugsReporterTests.swift in Sources */,
			);
			runOnlyForDeploymentPostprocessing = 0;
		};
		B8F0A6CB2BBC09A3008B6D4E /* Sources */ = {
			isa = PBXSourcesBuildPhase;
			buildActionMask = 2147483647;
			files = (
				B8F0A6D62BBC09A3008B6D4E /* BugsReporterUITestsLaunchTests.swift in Sources */,
				B8F0A6D42BBC09A3008B6D4E /* BugsReporterUITests.swift in Sources */,
			);
			runOnlyForDeploymentPostprocessing = 0;
		};
/* End PBXSourcesBuildPhase section */

/* Begin PBXTargetDependency section */
		B8F0A6C72BBC09A3008B6D4E /* PBXTargetDependency */ = {
			isa = PBXTargetDependency;
			target = B8F0A6B42BBC09A0008B6D4E /* BugsReporter */;
			targetProxy = B8F0A6C62BBC09A3008B6D4E /* PBXContainerItemProxy */;
		};
		B8F0A6D12BBC09A3008B6D4E /* PBXTargetDependency */ = {
			isa = PBXTargetDependency;
			target = B8F0A6B42BBC09A0008B6D4E /* BugsReporter */;
			targetProxy = B8F0A6D02BBC09A3008B6D4E /* PBXContainerItemProxy */;
		};
/* End PBXTargetDependency section */

/* Begin XCBuildConfiguration section */
		B8F0A6D72BBC09A3008B6D4E /* Debug */ = {
			isa = XCBuildConfiguration;
			buildSettings = {
				ALWAYS_SEARCH_USER_PATHS = NO;
				ASSETCATALOG_COMPILER_GENERATE_SWIFT_ASSET_SYMBOL_EXTENSIONS = YES;
				CLANG_ANALYZER_NONNULL = YES;
				CLANG_ANALYZER_NUMBER_OBJECT_CONVERSION = YES_AGGRESSIVE;
				CLANG_CXX_LANGUAGE_STANDARD = "gnu++20";
				CLANG_ENABLE_MODULES = YES;
				CLANG_ENABLE_OBJC_ARC = YES;
				CLANG_ENABLE_OBJC_WEAK = YES;
				CLANG_WARN_BLOCK_CAPTURE_AUTORELEASING = YES;
				CLANG_WARN_BOOL_CONVERSION = YES;
				CLANG_WARN_COMMA = YES;
				CLANG_WARN_CONSTANT_CONVERSION = YES;
				CLANG_WARN_DEPRECATED_OBJC_IMPLEMENTATIONS = YES;
				CLANG_WARN_DIRECT_OBJC_ISA_USAGE = YES_ERROR;
				CLANG_WARN_DOCUMENTATION_COMMENTS = YES;
				CLANG_WARN_EMPTY_BODY = YES;
				CLANG_WARN_ENUM_CONVERSION = YES;
				CLANG_WARN_INFINITE_RECURSION = YES;
				CLANG_WARN_INT_CONVERSION = YES;
				CLANG_WARN_NON_LITERAL_NULL_CONVERSION = YES;
				CLANG_WARN_OBJC_IMPLICIT_RETAIN_SELF = YES;
				CLANG_WARN_OBJC_LITERAL_CONVERSION = YES;
				CLANG_WARN_OBJC_ROOT_CLASS = YES_ERROR;
				CLANG_WARN_QUOTED_INCLUDE_IN_FRAMEWORK_HEADER = YES;
				CLANG_WARN_RANGE_LOOP_ANALYSIS = YES;
				CLANG_WARN_STRICT_PROTOTYPES = YES;
				CLANG_WARN_SUSPICIOUS_MOVE = YES;
				CLANG_WARN_UNGUARDED_AVAILABILITY = YES_AGGRESSIVE;
				CLANG_WARN_UNREACHABLE_CODE = YES;
				CLANG_WARN__DUPLICATE_METHOD_MATCH = YES;
				COPY_PHASE_STRIP = NO;
				DEBUG_INFORMATION_FORMAT = dwarf;
				ENABLE_STRICT_OBJC_MSGSEND = YES;
				ENABLE_TESTABILITY = YES;
				ENABLE_USER_SCRIPT_SANDBOXING = YES;
				GCC_C_LANGUAGE_STANDARD = gnu17;
				GCC_DYNAMIC_NO_PIC = NO;
				GCC_NO_COMMON_BLOCKS = YES;
				GCC_OPTIMIZATION_LEVEL = 0;
				GCC_PREPROCESSOR_DEFINITIONS = (
					"DEBUG=1",
					"$(inherited)",
				);
				GCC_WARN_64_TO_32_BIT_CONVERSION = YES;
				GCC_WARN_ABOUT_RETURN_TYPE = YES_ERROR;
				GCC_WARN_UNDECLARED_SELECTOR = YES;
				GCC_WARN_UNINITIALIZED_AUTOS = YES_AGGRESSIVE;
				GCC_WARN_UNUSED_FUNCTION = YES;
				GCC_WARN_UNUSED_VARIABLE = YES;
				IPHONEOS_DEPLOYMENT_TARGET = 17.4;
				LOCALIZATION_PREFERS_STRING_CATALOGS = YES;
				MTL_ENABLE_DEBUG_INFO = INCLUDE_SOURCE;
				MTL_FAST_MATH = YES;
				ONLY_ACTIVE_ARCH = YES;
				SDKROOT = iphoneos;
				SWIFT_ACTIVE_COMPILATION_CONDITIONS = "DEBUG $(inherited)";
				SWIFT_OPTIMIZATION_LEVEL = "-Onone";
			};
			name = Debug;
		};
		B8F0A6D82BBC09A3008B6D4E /* Release */ = {
			isa = XCBuildConfiguration;
			buildSettings = {
				ALWAYS_SEARCH_USER_PATHS = NO;
				ASSETCATALOG_COMPILER_GENERATE_SWIFT_ASSET_SYMBOL_EXTENSIONS = YES;
				CLANG_ANALYZER_NONNULL = YES;
				CLANG_ANALYZER_NUMBER_OBJECT_CONVERSION = YES_AGGRESSIVE;
				CLANG_CXX_LANGUAGE_STANDARD = "gnu++20";
				CLANG_ENABLE_MODULES = YES;
				CLANG_ENABLE_OBJC_ARC = YES;
				CLANG_ENABLE_OBJC_WEAK = YES;
				CLANG_WARN_BLOCK_CAPTURE_AUTORELEASING = YES;
				CLANG_WARN_BOOL_CONVERSION = YES;
				CLANG_WARN_COMMA = YES;
				CLANG_WARN_CONSTANT_CONVERSION = YES;
				CLANG_WARN_DEPRECATED_OBJC_IMPLEMENTATIONS = YES;
				CLANG_WARN_DIRECT_OBJC_ISA_USAGE = YES_ERROR;
				CLANG_WARN_DOCUMENTATION_COMMENTS = YES;
				CLANG_WARN_EMPTY_BODY = YES;
				CLANG_WARN_ENUM_CONVERSION = YES;
				CLANG_WARN_INFINITE_RECURSION = YES;
				CLANG_WARN_INT_CONVERSION = YES;
				CLANG_WARN_NON_LITERAL_NULL_CONVERSION = YES;
				CLANG_WARN_OBJC_IMPLICIT_RETAIN_SELF = YES;
				CLANG_WARN_OBJC_LITERAL_CONVERSION = YES;
				CLANG_WARN_OBJC_ROOT_CLASS = YES_ERROR;
				CLANG_WARN_QUOTED_INCLUDE_IN_FRAMEWORK_HEADER = YES;
				CLANG_WARN_RANGE_LOOP_ANALYSIS = YES;
				CLANG_WARN_STRICT_PROTOTYPES = YES;
				CLANG_WARN_SUSPICIOUS_MOVE = YES;
				CLANG_WARN_UNGUARDED_AVAILABILITY = YES_AGGRESSIVE;
				CLANG_WARN_UNREACHABLE_CODE = YES;
				CLANG_WARN__DUPLICATE_METHOD_MATCH = YES;
				COPY_PHASE_STRIP = NO;
				DEBUG_INFORMATION_FORMAT = "dwarf-with-dsym";
				ENABLE_NS_ASSERTIONS = NO;
				ENABLE_STRICT_OBJC_MSGSEND = YES;
				ENABLE_USER_SCRIPT_SANDBOXING = YES;
				GCC_C_LANGUAGE_STANDARD = gnu17;
				GCC_NO_COMMON_BLOCKS = YES;
				GCC_WARN_64_TO_32_BIT_CONVERSION = YES;
				GCC_WARN_ABOUT_RETURN_TYPE = YES_ERROR;
				GCC_WARN_UNDECLARED_SELECTOR = YES;
				GCC_WARN_UNINITIALIZED_AUTOS = YES_AGGRESSIVE;
				GCC_WARN_UNUSED_FUNCTION = YES;
				GCC_WARN_UNUSED_VARIABLE = YES;
				IPHONEOS_DEPLOYMENT_TARGET = 17.4;
				LOCALIZATION_PREFERS_STRING_CATALOGS = YES;
				MTL_ENABLE_DEBUG_INFO = NO;
				MTL_FAST_MATH = YES;
				SDKROOT = iphoneos;
				SWIFT_COMPILATION_MODE = wholemodule;
				VALIDATE_PRODUCT = YES;
			};
			name = Release;
		};
		B8F0A6DA2BBC09A3008B6D4E /* Debug */ = {
			isa = XCBuildConfiguration;
			buildSettings = {
				ASSETCATALOG_COMPILER_APPICON_NAME = AppIcon;
				ASSETCATALOG_COMPILER_GLOBAL_ACCENT_COLOR_NAME = AccentColor;
				CODE_SIGN_STYLE = Automatic;
				CURRENT_PROJECT_VERSION = 1;
				DEVELOPMENT_ASSET_PATHS = "\"BugsReporter/Preview Content\"";
				ENABLE_PREVIEWS = YES;
				GENERATE_INFOPLIST_FILE = YES;
				INFOPLIST_KEY_UIApplicationSceneManifest_Generation = YES;
				INFOPLIST_KEY_UIApplicationSupportsIndirectInputEvents = YES;
				INFOPLIST_KEY_UILaunchScreen_Generation = YES;
				INFOPLIST_KEY_UISupportedInterfaceOrientations_iPad = "UIInterfaceOrientationPortrait UIInterfaceOrientationPortraitUpsideDown UIInterfaceOrientationLandscapeLeft UIInterfaceOrientationLandscapeRight";
				INFOPLIST_KEY_UISupportedInterfaceOrientations_iPhone = "UIInterfaceOrientationPortrait UIInterfaceOrientationLandscapeLeft UIInterfaceOrientationLandscapeRight";
				IPHONEOS_DEPLOYMENT_TARGET = 16.0;
				LD_RUNPATH_SEARCH_PATHS = (
					"$(inherited)",
					"@executable_path/Frameworks",
				);
				MARKETING_VERSION = 1.0;
				PRODUCT_BUNDLE_IDENTIFIER = renad.BugsReporter;
				PRODUCT_NAME = "$(TARGET_NAME)";
				SWIFT_EMIT_LOC_STRINGS = YES;
				SWIFT_VERSION = 5.0;
				TARGETED_DEVICE_FAMILY = "1,2";
			};
			name = Debug;
		};
		B8F0A6DB2BBC09A3008B6D4E /* Release */ = {
			isa = XCBuildConfiguration;
			buildSettings = {
				ASSETCATALOG_COMPILER_APPICON_NAME = AppIcon;
				ASSETCATALOG_COMPILER_GLOBAL_ACCENT_COLOR_NAME = AccentColor;
				CODE_SIGN_STYLE = Automatic;
				CURRENT_PROJECT_VERSION = 1;
				DEVELOPMENT_ASSET_PATHS = "\"BugsReporter/Preview Content\"";
				ENABLE_PREVIEWS = YES;
				GENERATE_INFOPLIST_FILE = YES;
				INFOPLIST_KEY_UIApplicationSceneManifest_Generation = YES;
				INFOPLIST_KEY_UIApplicationSupportsIndirectInputEvents = YES;
				INFOPLIST_KEY_UILaunchScreen_Generation = YES;
				INFOPLIST_KEY_UISupportedInterfaceOrientations_iPad = "UIInterfaceOrientationPortrait UIInterfaceOrientationPortraitUpsideDown UIInterfaceOrientationLandscapeLeft UIInterfaceOrientationLandscapeRight";
				INFOPLIST_KEY_UISupportedInterfaceOrientations_iPhone = "UIInterfaceOrientationPortrait UIInterfaceOrientationLandscapeLeft UIInterfaceOrientationLandscapeRight";
				IPHONEOS_DEPLOYMENT_TARGET = 16.0;
				LD_RUNPATH_SEARCH_PATHS = (
					"$(inherited)",
					"@executable_path/Frameworks",
				);
				MARKETING_VERSION = 1.0;
				PRODUCT_BUNDLE_IDENTIFIER = renad.BugsReporter;
				PRODUCT_NAME = "$(TARGET_NAME)";
				SWIFT_EMIT_LOC_STRINGS = YES;
				SWIFT_VERSION = 5.0;
				TARGETED_DEVICE_FAMILY = "1,2";
			};
			name = Release;
		};
		B8F0A6DD2BBC09A3008B6D4E /* Debug */ = {
			isa = XCBuildConfiguration;
			buildSettings = {
				ALWAYS_EMBED_SWIFT_STANDARD_LIBRARIES = YES;
				BUNDLE_LOADER = "$(TEST_HOST)";
				CODE_SIGN_STYLE = Automatic;
				CURRENT_PROJECT_VERSION = 1;
				GENERATE_INFOPLIST_FILE = YES;
				IPHONEOS_DEPLOYMENT_TARGET = 17.4;
				MARKETING_VERSION = 1.0;
				PRODUCT_BUNDLE_IDENTIFIER = renad.BugsReporterTests;
				PRODUCT_NAME = "$(TARGET_NAME)";
				SWIFT_EMIT_LOC_STRINGS = NO;
				SWIFT_VERSION = 5.0;
				TARGETED_DEVICE_FAMILY = "1,2";
				TEST_HOST = "$(BUILT_PRODUCTS_DIR)/BugsReporter.app/$(BUNDLE_EXECUTABLE_FOLDER_PATH)/BugsReporter";
			};
			name = Debug;
		};
		B8F0A6DE2BBC09A3008B6D4E /* Release */ = {
			isa = XCBuildConfiguration;
			buildSettings = {
				ALWAYS_EMBED_SWIFT_STANDARD_LIBRARIES = YES;
				BUNDLE_LOADER = "$(TEST_HOST)";
				CODE_SIGN_STYLE = Automatic;
				CURRENT_PROJECT_VERSION = 1;
				GENERATE_INFOPLIST_FILE = YES;
				IPHONEOS_DEPLOYMENT_TARGET = 17.4;
				MARKETING_VERSION = 1.0;
				PRODUCT_BUNDLE_IDENTIFIER = renad.BugsReporterTests;
				PRODUCT_NAME = "$(TARGET_NAME)";
				SWIFT_EMIT_LOC_STRINGS = NO;
				SWIFT_VERSION = 5.0;
				TARGETED_DEVICE_FAMILY = "1,2";
				TEST_HOST = "$(BUILT_PRODUCTS_DIR)/BugsReporter.app/$(BUNDLE_EXECUTABLE_FOLDER_PATH)/BugsReporter";
			};
			name = Release;
		};
		B8F0A6E02BBC09A3008B6D4E /* Debug */ = {
			isa = XCBuildConfiguration;
			buildSettings = {
				ALWAYS_EMBED_SWIFT_STANDARD_LIBRARIES = YES;
				CODE_SIGN_STYLE = Automatic;
				CURRENT_PROJECT_VERSION = 1;
				GENERATE_INFOPLIST_FILE = YES;
				MARKETING_VERSION = 1.0;
				PRODUCT_BUNDLE_IDENTIFIER = renad.BugsReporterUITests;
				PRODUCT_NAME = "$(TARGET_NAME)";
				SWIFT_EMIT_LOC_STRINGS = NO;
				SWIFT_VERSION = 5.0;
				TARGETED_DEVICE_FAMILY = "1,2";
				TEST_TARGET_NAME = BugsReporter;
			};
			name = Debug;
		};
		B8F0A6E12BBC09A3008B6D4E /* Release */ = {
			isa = XCBuildConfiguration;
			buildSettings = {
				ALWAYS_EMBED_SWIFT_STANDARD_LIBRARIES = YES;
				CODE_SIGN_STYLE = Automatic;
				CURRENT_PROJECT_VERSION = 1;
				GENERATE_INFOPLIST_FILE = YES;
				MARKETING_VERSION = 1.0;
				PRODUCT_BUNDLE_IDENTIFIER = renad.BugsReporterUITests;
				PRODUCT_NAME = "$(TARGET_NAME)";
				SWIFT_EMIT_LOC_STRINGS = NO;
				SWIFT_VERSION = 5.0;
				TARGETED_DEVICE_FAMILY = "1,2";
				TEST_TARGET_NAME = BugsReporter;
			};
			name = Release;
		};
/* End XCBuildConfiguration section */

/* Begin XCConfigurationList section */
		B8F0A6B02BBC09A0008B6D4E /* Build configuration list for PBXProject "BugsReporter" */ = {
			isa = XCConfigurationList;
			buildConfigurations = (
				B8F0A6D72BBC09A3008B6D4E /* Debug */,
				B8F0A6D82BBC09A3008B6D4E /* Release */,
			);
			defaultConfigurationIsVisible = 0;
			defaultConfigurationName = Release;
		};
		B8F0A6D92BBC09A3008B6D4E /* Build configuration list for PBXNativeTarget "BugsReporter" */ = {
			isa = XCConfigurationList;
			buildConfigurations = (
				B8F0A6DA2BBC09A3008B6D4E /* Debug */,
				B8F0A6DB2BBC09A3008B6D4E /* Release */,
			);
			defaultConfigurationIsVisible = 0;
			defaultConfigurationName = Release;
		};
		B8F0A6DC2BBC09A3008B6D4E /* Build configuration list for PBXNativeTarget "BugsReporterTests" */ = {
			isa = XCConfigurationList;
			buildConfigurations = (
				B8F0A6DD2BBC09A3008B6D4E /* Debug */,
				B8F0A6DE2BBC09A3008B6D4E /* Release */,
			);
			defaultConfigurationIsVisible = 0;
			defaultConfigurationName = Release;
		};
		B8F0A6DF2BBC09A3008B6D4E /* Build configuration list for PBXNativeTarget "BugsReporterUITests" */ = {
			isa = XCConfigurationList;
			buildConfigurations = (
				B8F0A6E02BBC09A3008B6D4E /* Debug */,
				B8F0A6E12BBC09A3008B6D4E /* Release */,
			);
			defaultConfigurationIsVisible = 0;
			defaultConfigurationName = Release;
		};
/* End XCConfigurationList section */
	};
	rootObject = B8F0A6AD2BBC09A0008B6D4E /* Project object */;
}
